
Microsoft Visual Studio Solution File, Format Version 12.00
# Visual Studio 15
VisualStudioVersion = 15.0.28307.329
MinimumVisualStudioVersion = 10.0.40219.1
Project("{FAE04EC0-301F-11D3-BF4B-00C04F79EFBC}") = "Right Click Commands", "Right Click Commands\Right Click Commands.csproj", "{30B517C3-CE6B-4D6E-B62F-E14F692582F3}"
EndProject
Project("{FAE04EC0-301F-11D3-BF4B-00C04F79EFBC}") = "Right Click Commands Tests", "Right Click Commands Tests\Right Click Commands Tests.csproj", "{758401E9-20B9-4E99-BEAE-17FB4580587E}"
EndProject
Project("{54435603-DBB4-11D2-8724-00A0C9A8B90C}") = "WPF Installer", "WPF Installer\WPF Installer.vdproj", "{4807BD3B-F799-483B-B8E7-E79CFCE0AAAE}"
EndProject
Project("{2150E333-8FDC-42A3-9474-1A3956D46DE8}") = "Solution Items", "Solution Items", "{A680833E-C62C-4818-90BC-53961B1A732C}"
	ProjectSection(SolutionItems) = preProject
		CodeCoverage.runsettings = CodeCoverage.runsettings
	EndProjectSection
EndProject
Project("{FAE04EC0-301F-11D3-BF4B-00C04F79EFBC}") = "WPF Application", "WPF Application\WPF Application.csproj", "{61EC6E80-BEA2-4789-83E2-267D878FACB6}"
EndProject
Project("{FAE04EC0-301F-11D3-BF4B-00C04F79EFBC}") = "WPF Application Tests", "WPF Application Tests\WPF Application Tests.csproj", "{63709D4B-8437-4D3C-9427-11229420B18E}"
EndProject
Global
	GlobalSection(SolutionConfigurationPlatforms) = preSolution
		Debug|Any CPU = Debug|Any CPU
		Release|Any CPU = Release|Any CPU
	EndGlobalSection
	GlobalSection(ProjectConfigurationPlatforms) = postSolution
		{30B517C3-CE6B-4D6E-B62F-E14F692582F3}.Debug|Any CPU.ActiveCfg = Debug|Any CPU
		{30B517C3-CE6B-4D6E-B62F-E14F692582F3}.Debug|Any CPU.Build.0 = Debug|Any CPU
		{30B517C3-CE6B-4D6E-B62F-E14F692582F3}.Release|Any CPU.ActiveCfg = Release|Any CPU
		{30B517C3-CE6B-4D6E-B62F-E14F692582F3}.Release|Any CPU.Build.0 = Release|Any CPU
		{758401E9-20B9-4E99-BEAE-17FB4580587E}.Debug|Any CPU.ActiveCfg = Debug|Any CPU
		{758401E9-20B9-4E99-BEAE-17FB4580587E}.Debug|Any CPU.Build.0 = Debug|Any CPU
		{758401E9-20B9-4E99-BEAE-17FB4580587E}.Release|Any CPU.ActiveCfg = Release|Any CPU
		{758401E9-20B9-4E99-BEAE-17FB4580587E}.Release|Any CPU.Build.0 = Release|Any CPU
		{4807BD3B-F799-483B-B8E7-E79CFCE0AAAE}.Debug|Any CPU.ActiveCfg = Debug
		{4807BD3B-F799-483B-B8E7-E79CFCE0AAAE}.Release|Any CPU.ActiveCfg = Release
		{61EC6E80-BEA2-4789-83E2-267D878FACB6}.Debug|Any CPU.ActiveCfg = Debug|Any CPU
		{61EC6E80-BEA2-4789-83E2-267D878FACB6}.Debug|Any CPU.Build.0 = Debug|Any CPU
		{61EC6E80-BEA2-4789-83E2-267D878FACB6}.Release|Any CPU.ActiveCfg = Release|Any CPU
		{61EC6E80-BEA2-4789-83E2-267D878FACB6}.Release|Any CPU.Build.0 = Release|Any CPU
		{63709D4B-8437-4D3C-9427-11229420B18E}.Debug|Any CPU.ActiveCfg = Debug|Any CPU
		{63709D4B-8437-4D3C-9427-11229420B18E}.Debug|Any CPU.Build.0 = Debug|Any CPU
		{63709D4B-8437-4D3C-9427-11229420B18E}.Release|Any CPU.ActiveCfg = Release|Any CPU
		{63709D4B-8437-4D3C-9427-11229420B18E}.Release|Any CPU.Build.0 = Release|Any CPU
	EndGlobalSection
	GlobalSection(SolutionProperties) = preSolution
		HideSolutionNode = FALSE
	EndGlobalSection
	GlobalSection(ExtensibilityGlobals) = postSolution
		SolutionGuid = {77776402-B96B-4424-904D-1B7E53516961}
	EndGlobalSection
EndGlobal
